
Microsoft Visual Studio Solution File, Format Version 12.00
# Visual Studio Version 17
VisualStudioVersion = 17.8.34408.163
MinimumVisualStudioVersion = 10.0.40219.1
Project("{FAE04EC0-301F-11D3-BF4B-00C04F79EFBC}") = "PRACT_LAB_2_EF", "PRACT_LAB_2_EF\PRACT_LAB_2_EF.csproj", "{0CBCD3F6-0B90-4041-901B-15D57FC0895F}"
EndProject
Global
	GlobalSection(SolutionConfigurationPlatforms) = preSolution
		Debug|Any CPU = Debug|Any CPU
		Release|Any CPU = Release|Any CPU
	EndGlobalSection
	GlobalSection(ProjectConfigurationPlatforms) = postSolution
		{0CBCD3F6-0B90-4041-901B-15D57FC0895F}.Debug|Any CPU.ActiveCfg = Debug|Any CPU
		{0CBCD3F6-0B90-4041-901B-15D57FC0895F}.Debug|Any CPU.Build.0 = Debug|Any CPU
		{0CBCD3F6-0B90-4041-901B-15D57FC0895F}.Release|Any CPU.ActiveCfg = Release|Any CPU
		{0CBCD3F6-0B90-4041-901B-15D57FC0895F}.Release|Any CPU.Build.0 = Release|Any CPU
	EndGlobalSection
	GlobalSection(SolutionProperties) = preSolution
		HideSolutionNode = FALSE
	EndGlobalSection
	GlobalSection(ExtensibilityGlobals) = postSolution
		SolutionGuid = {6726538B-B8FC-4A4A-BFE2-F02D0D092F56}
	EndGlobalSection
EndGlobal
